
Microsoft Visual Studio Solution File, Format Version 12.00
# Visual Studio Version 16
VisualStudioVersion = 16.0.33214.272
MinimumVisualStudioVersion = 10.0.40219.1
Project("{9A19103F-16F7-4668-BE54-9A1E7A4F7556}") = "GPSTracking.Api.Drivers", "GPSTracking.Api.Drivers\GPSTracking.Api.Drivers.csproj", "{876A765E-4811-4038-939B-4B9BA659E323}"
EndProject
Project("{9A19103F-16F7-4668-BE54-9A1E7A4F7556}") = "GPSTracking.Api.Notifications", "GPSTracking.Api.Payments\GPSTracking.Api.Notifications.csproj", "{376CE997-F3B1-4113-B8F7-8792C38FCEB4}"
EndProject
Project("{9A19103F-16F7-4668-BE54-9A1E7A4F7556}") = "GPSTracking.Api.Search", "GPSTracking.Api.Search\GPSTracking.Api.Search.csproj", "{84506FFE-0889-4E06-8B67-D28A442C39F3}"
EndProject
Project("{9A19103F-16F7-4668-BE54-9A1E7A4F7556}") = "GPSTracking.Api.GPSTrackings", "GPSTracking.Api.GPSTrackings\GPSTracking.Api.GPSTrackings.csproj", "{C293A0C7-6CAD-4972-B9B6-9044C1AB4D97}"
EndProject
Project("{9A19103F-16F7-4668-BE54-9A1E7A4F7556}") = "GPSTracking.Api.GPSTrackings.Tests", "GPSTracking.Api.GPSTrackings.Tests\GPSTracking.Api.GPSTrackings.Tests.csproj", "{6ABEEBC7-BE8B-4587-8AC2-8BE4910F5471}"
EndProject
Project("{E53339B2-1760-4266-BCC7-CA923CBCF16C}") = "docker-compose", "docker-compose.dcproj", "{9EBA68EC-25B1-48BC-86AF-1882A69631AE}"
EndProject
Global
	GlobalSection(SolutionConfigurationPlatforms) = preSolution
		Debug|Any CPU = Debug|Any CPU
		Release|Any CPU = Release|Any CPU
	EndGlobalSection
	GlobalSection(ProjectConfigurationPlatforms) = postSolution
		{876A765E-4811-4038-939B-4B9BA659E323}.Debug|Any CPU.ActiveCfg = Debug|Any CPU
		{876A765E-4811-4038-939B-4B9BA659E323}.Debug|Any CPU.Build.0 = Debug|Any CPU
		{876A765E-4811-4038-939B-4B9BA659E323}.Release|Any CPU.ActiveCfg = Release|Any CPU
		{876A765E-4811-4038-939B-4B9BA659E323}.Release|Any CPU.Build.0 = Release|Any CPU
		{376CE997-F3B1-4113-B8F7-8792C38FCEB4}.Debug|Any CPU.ActiveCfg = Debug|Any CPU
		{376CE997-F3B1-4113-B8F7-8792C38FCEB4}.Debug|Any CPU.Build.0 = Debug|Any CPU
		{376CE997-F3B1-4113-B8F7-8792C38FCEB4}.Release|Any CPU.ActiveCfg = Release|Any CPU
		{376CE997-F3B1-4113-B8F7-8792C38FCEB4}.Release|Any CPU.Build.0 = Release|Any CPU
		{84506FFE-0889-4E06-8B67-D28A442C39F3}.Debug|Any CPU.ActiveCfg = Debug|Any CPU
		{84506FFE-0889-4E06-8B67-D28A442C39F3}.Debug|Any CPU.Build.0 = Debug|Any CPU
		{84506FFE-0889-4E06-8B67-D28A442C39F3}.Release|Any CPU.ActiveCfg = Release|Any CPU
		{84506FFE-0889-4E06-8B67-D28A442C39F3}.Release|Any CPU.Build.0 = Release|Any CPU
		{C293A0C7-6CAD-4972-B9B6-9044C1AB4D97}.Debug|Any CPU.ActiveCfg = Debug|Any CPU
		{C293A0C7-6CAD-4972-B9B6-9044C1AB4D97}.Debug|Any CPU.Build.0 = Debug|Any CPU
		{C293A0C7-6CAD-4972-B9B6-9044C1AB4D97}.Release|Any CPU.ActiveCfg = Release|Any CPU
		{C293A0C7-6CAD-4972-B9B6-9044C1AB4D97}.Release|Any CPU.Build.0 = Release|Any CPU
		{6ABEEBC7-BE8B-4587-8AC2-8BE4910F5471}.Debug|Any CPU.ActiveCfg = Debug|Any CPU
		{6ABEEBC7-BE8B-4587-8AC2-8BE4910F5471}.Debug|Any CPU.Build.0 = Debug|Any CPU
		{6ABEEBC7-BE8B-4587-8AC2-8BE4910F5471}.Release|Any CPU.ActiveCfg = Release|Any CPU
		{6ABEEBC7-BE8B-4587-8AC2-8BE4910F5471}.Release|Any CPU.Build.0 = Release|Any CPU
		{9EBA68EC-25B1-48BC-86AF-1882A69631AE}.Debug|Any CPU.ActiveCfg = Debug|Any CPU
		{9EBA68EC-25B1-48BC-86AF-1882A69631AE}.Debug|Any CPU.Build.0 = Debug|Any CPU
		{9EBA68EC-25B1-48BC-86AF-1882A69631AE}.Release|Any CPU.ActiveCfg = Release|Any CPU
		{9EBA68EC-25B1-48BC-86AF-1882A69631AE}.Release|Any CPU.Build.0 = Release|Any CPU
	EndGlobalSection
	GlobalSection(SolutionProperties) = preSolution
		HideSolutionNode = FALSE
	EndGlobalSection
	GlobalSection(ExtensibilityGlobals) = postSolution
		SolutionGuid = {46E825EB-2F0E-463F-A080-917196B14355}
	EndGlobalSection
EndGlobal
